
Microsoft Visual Studio Solution File, Format Version 12.00
Project("{FAE04EC0-301F-11D3-BF4B-00C04F79EFBC}") = "AspNetCoreIntegrationTestSample", "AspNetCoreIntegrationTestSample\AspNetCoreIntegrationTestSample.csproj", "{CEFAA03A-5B11-4BF7-A9FA-E1E19AEEF304}"
EndProject
Global
	GlobalSection(SolutionConfigurationPlatforms) = preSolution
		Debug|Any CPU = Debug|Any CPU
		Release|Any CPU = Release|Any CPU
	EndGlobalSection
	GlobalSection(ProjectConfigurationPlatforms) = postSolution
		{CEFAA03A-5B11-4BF7-A9FA-E1E19AEEF304}.Debug|Any CPU.ActiveCfg = Debug|Any CPU
		{CEFAA03A-5B11-4BF7-A9FA-E1E19AEEF304}.Debug|Any CPU.Build.0 = Debug|Any CPU
		{CEFAA03A-5B11-4BF7-A9FA-E1E19AEEF304}.Release|Any CPU.ActiveCfg = Release|Any CPU
		{CEFAA03A-5B11-4BF7-A9FA-E1E19AEEF304}.Release|Any CPU.Build.0 = Release|Any CPU
	EndGlobalSection
EndGlobal
